// !$*UTF8*$!
{
	archiveVersion = 1;
	classes = {
	};
	objectVersion = 48;
	objects = {

/* Begin PBXBuildFile section */
		BDE9B72B666A5CD7F41825F2 /* libPods-ScrollView.a in Frameworks */ = {isa = PBXBuildFile; fileRef = 693CC58B71EBE5044D6E7EE5 /* libPods-ScrollView.a */; };
		BF99D3041FDF3F2D002B4D85 /* AppDelegate.m in Sources */ = {isa = PBXBuildFile; fileRef = BF99D3031FDF3F2D002B4D85 /* AppDelegate.m */; };
		BF99D3071FDF3F2D002B4D85 /* ViewController.m in Sources */ = {isa = PBXBuildFile; fileRef = BF99D3061FDF3F2D002B4D85 /* ViewController.m */; };
		BF99D30A1FDF3F2D002B4D85 /* Main.storyboard in Resources */ = {isa = PBXBuildFile; fileRef = BF99D3081FDF3F2D002B4D85 /* Main.storyboard */; };
		BF99D30C1FDF3F2D002B4D85 /* Assets.xcassets in Resources */ = {isa = PBXBuildFile; fileRef = BF99D30B1FDF3F2D002B4D85 /* Assets.xcassets */; };
		BF99D30F1FDF3F2D002B4D85 /* LaunchScreen.storyboard in Resources */ = {isa = PBXBuildFile; fileRef = BF99D30D1FDF3F2D002B4D85 /* LaunchScreen.storyboard */; };
		BF99D3121FDF3F2D002B4D85 /* main.m in Sources */ = {isa = PBXBuildFile; fileRef = BF99D3111FDF3F2D002B4D85 /* main.m */; };
/* End PBXBuildFile section */

/* Begin PBXFileReference section */
		5E489178E600B1EF80EE3A33 /* Pods-ScrollView.release.xcconfig */ = {isa = PBXFileReference; includeInIndex = 1; lastKnownFileType = text.xcconfig; name = "Pods-ScrollView.release.xcconfig"; path = "Pods/Target Support Files/Pods-ScrollView/Pods-ScrollView.release.xcconfig"; sourceTree = "<group>"; };
		693CC58B71EBE5044D6E7EE5 /* libPods-ScrollView.a */ = {isa = PBXFileReference; explicitFileType = archive.ar; includeInIndex = 0; path = "libPods-ScrollView.a"; sourceTree = BUILT_PRODUCTS_DIR; };
		739CDCE93BCD9A75D0E6E19D /* Pods-ScrollView.debug.xcconfig */ = {isa = PBXFileReference; includeInIndex = 1; lastKnownFileType = text.xcconfig; name = "Pods-ScrollView.debug.xcconfig"; path = "Pods/Target Support Files/Pods-ScrollView/Pods-ScrollView.debug.xcconfig"; sourceTree = "<group>"; };
		BF99D2FF1FDF3F2D002B4D85 /* ScrollView.app */ = {isa = PBXFileReference; explicitFileType = wrapper.application; includeInIndex = 0; path = ScrollView.app; sourceTree = BUILT_PRODUCTS_DIR; };
		BF99D3021FDF3F2D002B4D85 /* AppDelegate.h */ = {isa = PBXFileReference; lastKnownFileType = sourcecode.c.h; path = AppDelegate.h; sourceTree = "<group>"; };
		BF99D3031FDF3F2D002B4D85 /* AppDelegate.m */ = {isa = PBXFileReference; lastKnownFileType = sourcecode.c.objc; path = AppDelegate.m; sourceTree = "<group>"; };
		BF99D3051FDF3F2D002B4D85 /* ViewController.h */ = {isa = PBXFileReference; lastKnownFileType = sourcecode.c.h; path = ViewController.h; sourceTree = "<group>"; };
		BF99D3061FDF3F2D002B4D85 /* ViewController.m */ = {isa = PBXFileReference; lastKnownFileType = sourcecode.c.objc; path = ViewController.m; sourceTree = "<group>"; };
		BF99D3091FDF3F2D002B4D85 /* Base */ = {isa = PBXFileReference; lastKnownFileType = file.storyboard; name = Base; path = Base.lproj/Main.storyboard; sourceTree = "<group>"; };
		BF99D30B1FDF3F2D002B4D85 /* Assets.xcassets */ = {isa = PBXFileReference; lastKnownFileType = folder.assetcatalog; path = Assets.xcassets; sourceTree = "<group>"; };
		BF99D30E1FDF3F2D002B4D85 /* Base */ = {isa = PBXFileReference; lastKnownFileType = file.storyboard; name = Base; path = Base.lproj/LaunchScreen.storyboard; sourceTree = "<group>"; };
		BF99D3101FDF3F2D002B4D85 /* Info.plist */ = {isa = PBXFileReference; lastKnownFileType = text.plist.xml; path = Info.plist; sourceTree = "<group>"; };
		BF99D3111FDF3F2D002B4D85 /* main.m */ = {isa = PBXFileReference; lastKnownFileType = sourcecode.c.objc; path = main.m; sourceTree = "<group>"; };
/* End PBXFileReference section */

/* Begin PBXFrameworksBuildPhase section */
		BF99D2FC1FDF3F2D002B4D85 /* Frameworks */ = {
			isa = PBXFrameworksBuildPhase;
			buildActionMask = 2147483647;
			files = (
				BDE9B72B666A5CD7F41825F2 /* libPods-ScrollView.a in Frameworks */,
			);
			runOnlyForDeploymentPostprocessing = 0;
		};
/* End PBXFrameworksBuildPhase section */

/* Begin PBXGroup section */
		703B157912845A1D79F847DB /* Frameworks */ = {
			isa = PBXGroup;
			children = (
				693CC58B71EBE5044D6E7EE5 /* libPods-ScrollView.a */,
			);
			name = Frameworks;
			sourceTree = "<group>";
		};
		B1E1C91D7D478B2DE6FEA3E4 /* Pods */ = {
			isa = PBXGroup;
			children = (
				739CDCE93BCD9A75D0E6E19D /* Pods-ScrollView.debug.xcconfig */,
				5E489178E600B1EF80EE3A33 /* Pods-ScrollView.release.xcconfig */,
			);
			name = Pods;
			sourceTree = "<group>";
		};
		BF99D2F61FDF3F2C002B4D85 = {
			isa = PBXGroup;
			children = (
				BF99D3011FDF3F2D002B4D85 /* ScrollView */,
				BF99D3001FDF3F2D002B4D85 /* Products */,
				B1E1C91D7D478B2DE6FEA3E4 /* Pods */,
				703B157912845A1D79F847DB /* Frameworks */,
			);
			sourceTree = "<group>";
		};
		BF99D3001FDF3F2D002B4D85 /* Products */ = {
			isa = PBXGroup;
			children = (
				BF99D2FF1FDF3F2D002B4D85 /* ScrollView.app */,
			);
			name = Products;
			sourceTree = "<group>";
		};
		BF99D3011FDF3F2D002B4D85 /* ScrollView */ = {
			isa = PBXGroup;
			children = (
				BF99D3021FDF3F2D002B4D85 /* AppDelegate.h */,
				BF99D3031FDF3F2D002B4D85 /* AppDelegate.m */,
				BF99D3051FDF3F2D002B4D85 /* ViewController.h */,
				BF99D3061FDF3F2D002B4D85 /* ViewController.m */,
				BF99D3081FDF3F2D002B4D85 /* Main.storyboard */,
				BF99D30B1FDF3F2D002B4D85 /* Assets.xcassets */,
				BF99D30D1FDF3F2D002B4D85 /* LaunchScreen.storyboard */,
				BF99D3101FDF3F2D002B4D85 /* Info.plist */,
				BF99D3111FDF3F2D002B4D85 /* main.m */,
			);
			path = ScrollView;
			sourceTree = "<group>";
		};
/* End PBXGroup section */

/* Begin PBXNativeTarget section */
		BF99D2FE1FDF3F2D002B4D85 /* ScrollView */ = {
			isa = PBXNativeTarget;
			buildConfigurationList = BF99D3151FDF3F2D002B4D85 /* Build configuration list for PBXNativeTarget "ScrollView" */;
			buildPhases = (
				BA4B90B7C23E21CCA1FE75CF /* [CP] Check Pods Manifest.lock */,
				BF99D2FB1FDF3F2D002B4D85 /* Sources */,
				BF99D2FC1FDF3F2D002B4D85 /* Frameworks */,
				BF99D2FD1FDF3F2D002B4D85 /* Resources */,
				CD29E271075258DCB0E79D4D /* [CP] Embed Pods Frameworks */,
				BAB9B6D7CE2ED5665D9822AA /* [CP] Copy Pods Resources */,
			);
			buildRules = (
			);
			dependencies = (
			);
			name = ScrollView;
			productName = ScrollView;
			productReference = BF99D2FF1FDF3F2D002B4D85 /* ScrollView.app */;
			productType = "com.apple.product-type.application";
		};
/* End PBXNativeTarget section */

/* Begin PBXProject section */
		BF99D2F71FDF3F2C002B4D85 /* Project object */ = {
			isa = PBXProject;
			attributes = {
				LastUpgradeCheck = 0910;
				ORGANIZATIONNAME = zhufeng;
				TargetAttributes = {
					BF99D2FE1FDF3F2D002B4D85 = {
						CreatedOnToolsVersion = 9.1;
						ProvisioningStyle = Automatic;
					};
				};
			};
			buildConfigurationList = BF99D2FA1FDF3F2C002B4D85 /* Build configuration list for PBXProject "ScrollView" */;
			compatibilityVersion = "Xcode 8.0";
			developmentRegion = en;
			hasScannedForEncodings = 0;
			knownRegions = (
				en,
				Base,
			);
			mainGroup = BF99D2F61FDF3F2C002B4D85;
			productRefGroup = BF99D3001FDF3F2D002B4D85 /* Products */;
			projectDirPath = "";
			projectRoot = "";
			targets = (
				BF99D2FE1FDF3F2D002B4D85 /* ScrollView */,
			);
		};
/* End PBXProject section */

/* Begin PBXResourcesBuildPhase section */
		BF99D2FD1FDF3F2D002B4D85 /* Resources */ = {
			isa = PBXResourcesBuildPhase;
			buildActionMask = 2147483647;
			files = (
				BF99D30F1FDF3F2D002B4D85 /* LaunchScreen.storyboard in Resources */,
				BF99D30C1FDF3F2D002B4D85 /* Assets.xcassets in Resources */,
				BF99D30A1FDF3F2D002B4D85 /* Main.storyboard in Resources */,
			);
			runOnlyForDeploymentPostprocessing = 0;
		};
/* End PBXResourcesBuildPhase section */

/* Begin PBXShellScriptBuildPhase section */
		BA4B90B7C23E21CCA1FE75CF /* [CP] Check Pods Manifest.lock */ = {
			isa = PBXShellScriptBuildPhase;
			buildActionMask = 2147483647;
			files = (
			);
			inputPaths = (
				"${PODS_PODFILE_DIR_PATH}/Podfile.lock",
				"${PODS_ROOT}/Manifest.lock",
			);
			name = "[CP] Check Pods Manifest.lock";
			outputPaths = (
				"$(DERIVED_FILE_DIR)/Pods-ScrollView-checkManifestLockResult.txt",
			);
			runOnlyForDeploymentPostprocessing = 0;
			shellPath = /bin/sh;
			shellScript = "diff \"${PODS_PODFILE_DIR_PATH}/Podfile.lock\" \"${PODS_ROOT}/Manifest.lock\" > /dev/null\nif [ $? != 0 ] ; then\n    # print error to STDERR\n    echo \"error: The sandbox is not in sync with the Podfile.lock. Run 'pod install' or update your CocoaPods installation.\" >&2\n    exit 1\nfi\n# This output is used by Xcode 'outputs' to avoid re-running this script phase.\necho \"SUCCESS\" > \"${SCRIPT_OUTPUT_FILE_0}\"\n";
			showEnvVarsInLog = 0;
		};
		BAB9B6D7CE2ED5665D9822AA /* [CP] Copy Pods Resources */ = {
			isa = PBXShellScriptBuildPhase;
			buildActionMask = 2147483647;
			files = (
			);
			inputPaths = (
			);
			name = "[CP] Copy Pods Resources";
			outputPaths = (
			);
			runOnlyForDeploymentPostprocessing = 0;
			shellPath = /bin/sh;
			shellScript = "\"${SRCROOT}/Pods/Target Support Files/Pods-ScrollView/Pods-ScrollView-resources.sh\"\n";
			showEnvVarsInLog = 0;
		};
		CD29E271075258DCB0E79D4D /* [CP] Embed Pods Frameworks */ = {
			isa = PBXShellScriptBuildPhase;
			buildActionMask = 2147483647;
			files = (
			);
			inputPaths = (
			);
			name = "[CP] Embed Pods Frameworks";
			outputPaths = (
			);
			runOnlyForDeploymentPostprocessing = 0;
			shellPath = /bin/sh;
			shellScript = "\"${SRCROOT}/Pods/Target Support Files/Pods-ScrollView/Pods-ScrollView-frameworks.sh\"\n";
			showEnvVarsInLog = 0;
		};
/* End PBXShellScriptBuildPhase section */

/* Begin PBXSourcesBuildPhase section */
		BF99D2FB1FDF3F2D002B4D85 /* Sources */ = {
			isa = PBXSourcesBuildPhase;
			buildActionMask = 2147483647;
			files = (
				BF99D3071FDF3F2D002B4D85 /* ViewController.m in Sources */,
				BF99D3121FDF3F2D002B4D85 /* main.m in Sources */,
				BF99D3041FDF3F2D002B4D85 /* AppDelegate.m in Sources */,
			);
			runOnlyForDeploymentPostprocessing = 0;
		};
/* End PBXSourcesBuildPhase section */

/* Begin PBXVariantGroup section */
		BF99D3081FDF3F2D002B4D85 /* Main.storyboard */ = {
			isa = PBXVariantGroup;
			children = (
				BF99D3091FDF3F2D002B4D85 /* Base */,
			);
			name = Main.storyboard;
			sourceTree = "<group>";
		};
		BF99D30D1FDF3F2D002B4D85 /* LaunchScreen.storyboard */ = {
			isa = PBXVariantGroup;
			children = (
				BF99D30E1FDF3F2D002B4D85 /* Base */,
			);
			name = LaunchScreen.storyboard;
			sourceTree = "<group>";
		};
/* End PBXVariantGroup section */

/* Begin XCBuildConfiguration section */
		BF99D3131FDF3F2D002B4D85 /* Debug */ = {
			isa = XCBuildConfiguration;
			buildSettings = {
				ALWAYS_SEARCH_USER_PATHS = NO;
				CLANG_ANALYZER_NONNULL = YES;
				CLANG_ANALYZER_NUMBER_OBJECT_CONVERSION = YES_AGGRESSIVE;
				CLANG_CXX_LANGUAGE_STANDARD = "gnu++14";
				CLANG_CXX_LIBRARY = "libc++";
				CLANG_ENABLE_MODULES = YES;
				CLANG_ENABLE_OBJC_ARC = YES;
				CLANG_WARN_BLOCK_CAPTURE_AUTORELEASING = YES;
				CLANG_WARN_BOOL_CONVERSION = YES;
				CLANG_WARN_COMMA = YES;
				CLANG_WARN_CONSTANT_CONVERSION = YES;
				CLANG_WARN_DIRECT_OBJC_ISA_USAGE = YES_ERROR;
				CLANG_WARN_DOCUMENTATION_COMMENTS = YES;
				CLANG_WARN_EMPTY_BODY = YES;
				CLANG_WARN_ENUM_CONVERSION = YES;
				CLANG_WARN_INFINITE_RECURSION = YES;
				CLANG_WARN_INT_CONVERSION = YES;
				CLANG_WARN_NON_LITERAL_NULL_CONVERSION = YES;
				CLANG_WARN_OBJC_LITERAL_CONVERSION = YES;
				CLANG_WARN_OBJC_ROOT_CLASS = YES_ERROR;
				CLANG_WARN_RANGE_LOOP_ANALYSIS = YES;
				CLANG_WARN_STRICT_PROTOTYPES = YES;
				CLANG_WARN_SUSPICIOUS_MOVE = YES;
				CLANG_WARN_UNGUARDED_AVAILABILITY = YES_AGGRESSIVE;
				CLANG_WARN_UNREACHABLE_CODE = YES;
				CLANG_WARN__DUPLICATE_METHOD_MATCH = YES;
				CODE_SIGN_IDENTITY = "iPhone Developer";
				COPY_PHASE_STRIP = NO;
				DEBUG_INFORMATION_FORMAT = dwarf;
				ENABLE_STRICT_OBJC_MSGSEND = YES;
				ENABLE_TESTABILITY = YES;
				GCC_C_LANGUAGE_STANDARD = gnu11;
				GCC_DYNAMIC_NO_PIC = NO;
				GCC_NO_COMMON_BLOCKS = YES;
				GCC_OPTIMIZATION_LEVEL = 0;
				GCC_PREPROCESSOR_DEFINITIONS = (
					"DEBUG=1",
					"$(inherited)",
				);
				GCC_WARN_64_TO_32_BIT_CONVERSION = YES;
				GCC_WARN_ABOUT_RETURN_TYPE = YES_ERROR;
				GCC_WARN_UNDECLARED_SELECTOR = YES;
				GCC_WARN_UNINITIALIZED_AUTOS = YES_AGGRESSIVE;
				GCC_WARN_UNUSED_FUNCTION = YES;
				GCC_WARN_UNUSED_VARIABLE = YES;
				IPHONEOS_DEPLOYMENT_TARGET = 11.1;
				MTL_ENABLE_DEBUG_INFO = YES;
				ONLY_ACTIVE_ARCH = YES;
				SDKROOT = iphoneos;
			};
			name = Debug;
		};
		BF99D3141FDF3F2D002B4D85 /* Release */ = {
			isa = XCBuildConfiguration;
			buildSettings = {
				ALWAYS_SEARCH_USER_PATHS = NO;
				CLANG_ANALYZER_NONNULL = YES;
				CLANG_ANALYZER_NUMBER_OBJECT_CONVERSION = YES_AGGRESSIVE;
				CLANG_CXX_LANGUAGE_STANDARD = "gnu++14";
				CLANG_CXX_LIBRARY = "libc++";
				CLANG_ENABLE_MODULES = YES;
				CLANG_ENABLE_OBJC_ARC = YES;
				CLANG_WARN_BLOCK_CAPTURE_AUTORELEASING = YES;
				CLANG_WARN_BOOL_CONVERSION = YES;
				CLANG_WARN_COMMA = YES;
				CLANG_WARN_CONSTANT_CONVERSION = YES;
				CLANG_WARN_DIRECT_OBJC_ISA_USAGE = YES_ERROR;
				CLANG_WARN_DOCUMENTATION_COMMENTS = YES;
				CLANG_WARN_EMPTY_BODY = YES;
				CLANG_WARN_ENUM_CONVERSION = YES;
				CLANG_WARN_INFINITE_RECURSION = YES;
				CLANG_WARN_INT_CONVERSION = YES;
				CLANG_WARN_NON_LITERAL_NULL_CONVERSION = YES;
				CLANG_WARN_OBJC_LITERAL_CONVERSION = YES;
				CLANG_WARN_OBJC_ROOT_CLASS = YES_ERROR;
				CLANG_WARN_RANGE_LOOP_ANALYSIS = YES;
				CLANG_WARN_STRICT_PROTOTYPES = YES;
				CLANG_WARN_SUSPICIOUS_MOVE = YES;
				CLANG_WARN_UNGUARDED_AVAILABILITY = YES_AGGRESSIVE;
				CLANG_WARN_UNREACHABLE_CODE = YES;
				CLANG_WARN__DUPLICATE_METHOD_MATCH = YES;
				CODE_SIGN_IDENTITY = "iPhone Developer";
				COPY_PHASE_STRIP = NO;
				DEBUG_INFORMATION_FORMAT = "dwarf-with-dsym";
				ENABLE_NS_ASSERTIONS = NO;
				ENABLE_STRICT_OBJC_MSGSEND = YES;
				GCC_C_LANGUAGE_STANDARD = gnu11;
				GCC_NO_COMMON_BLOCKS = YES;
				GCC_WARN_64_TO_32_BIT_CONVERSION = YES;
				GCC_WARN_ABOUT_RETURN_TYPE = YES_ERROR;
				GCC_WARN_UNDECLARED_SELECTOR = YES;
				GCC_WARN_UNINITIALIZED_AUTOS = YES_AGGRESSIVE;
				GCC_WARN_UNUSED_FUNCTION = YES;
				GCC_WARN_UNUSED_VARIABLE = YES;
				IPHONEOS_DEPLOYMENT_TARGET = 11.1;
				MTL_ENABLE_DEBUG_INFO = NO;
				SDKROOT = iphoneos;
				VALIDATE_PRODUCT = YES;
			};
			name = Release;
		};
		BF99D3161FDF3F2D002B4D85 /* Debug */ = {
			isa = XCBuildConfiguration;
			baseConfigurationReference = 739CDCE93BCD9A75D0E6E19D /* Pods-ScrollView.debug.xcconfig */;
			buildSettings = {
				ASSETCATALOG_COMPILER_APPICON_NAME = AppIcon;
				CODE_SIGN_STYLE = Automatic;
				DEVELOPMENT_TEAM = 3R48RV923F;
				INFOPLIST_FILE = ScrollView/Info.plist;
				LD_RUNPATH_SEARCH_PATHS = "$(inherited) @executable_path/Frameworks";
				PRODUCT_BUNDLE_IDENTIFIER = com.bailing.ScrollView;
				PRODUCT_NAME = "$(TARGET_NAME)";
				TARGETED_DEVICE_FAMILY = "1,2";
			};
			name = Debug;
		};
		BF99D3171FDF3F2D002B4D85 /* Release */ = {
			isa = XCBuildConfiguration;
			baseConfigurationReference = 5E489178E600B1EF80EE3A33 /* Pods-ScrollView.release.xcconfig */;
			buildSettings = {
				ASSETCATALOG_COMPILER_APPICON_NAME = AppIcon;
				CODE_SIGN_STYLE = Automatic;
				DEVELOPMENT_TEAM = 3R48RV923F;
				INFOPLIST_FILE = ScrollView/Info.plist;
				LD_RUNPATH_SEARCH_PATHS = "$(inherited) @executable_path/Frameworks";
				PRODUCT_BUNDLE_IDENTIFIER = com.bailing.ScrollView;
				PRODUCT_NAME = "$(TARGET_NAME)";
				TARGETED_DEVICE_FAMILY = "1,2";
			};
			name = Release;
		};
/* End XCBuildConfiguration section */

/* Begin XCConfigurationList section */
		BF99D2FA1FDF3F2C002B4D85 /* Build configuration list for PBXProject "ScrollView" */ = {
			isa = XCConfigurationList;
			buildConfigurations = (
				BF99D3131FDF3F2D002B4D85 /* Debug */,
				BF99D3141FDF3F2D002B4D85 /* Release */,
			);
			defaultConfigurationIsVisible = 0;
			defaultConfigurationName = Release;
		};
		BF99D3151FDF3F2D002B4D85 /* Build configuration list for PBXNativeTarget "ScrollView" */ = {
			isa = XCConfigurationList;
			buildConfigurations = (
				BF99D3161FDF3F2D002B4D85 /* Debug */,
				BF99D3171FDF3F2D002B4D85 /* Release */,
			);
			defaultConfigurationIsVisible = 0;
			defaultConfigurationName = Release;
		};
/* End XCConfigurationList section */
	};
	rootObject = BF99D2F71FDF3F2C002B4D85 /* Project object */;
}
